
Microsoft Visual Studio Solution File, Format Version 12.00
Project("{FAE04EC0-301F-11D3-BF4B-00C04F79EFBC}") = "FileApi", "FileApi\FileApi.csproj", "{019A930C-9EB1-4613-9836-4F4255DFC70F}"
EndProject
Project("{FAE04EC0-301F-11D3-BF4B-00C04F79EFBC}") = "FileConsumer", "FileConsumer\FileConsumer.csproj", "{CF962F68-E7CC-46EA-ABA9-058FD38BDF0C}"
EndProject
Project("{2150E333-8FDC-42A3-9474-1A3956D46DE8}") = "Docker", "Docker", "{16D5890E-0251-4D1C-96F7-2B71F958F846}"
	ProjectSection(SolutionItems) = preProject
		docker-compose.yml = docker-compose.yml
	EndProjectSection
EndProject
Global
	GlobalSection(SolutionConfigurationPlatforms) = preSolution
		Debug|Any CPU = Debug|Any CPU
		Release|Any CPU = Release|Any CPU
	EndGlobalSection
	GlobalSection(ProjectConfigurationPlatforms) = postSolution
		{019A930C-9EB1-4613-9836-4F4255DFC70F}.Debug|Any CPU.ActiveCfg = Debug|Any CPU
		{019A930C-9EB1-4613-9836-4F4255DFC70F}.Debug|Any CPU.Build.0 = Debug|Any CPU
		{019A930C-9EB1-4613-9836-4F4255DFC70F}.Release|Any CPU.ActiveCfg = Release|Any CPU
		{019A930C-9EB1-4613-9836-4F4255DFC70F}.Release|Any CPU.Build.0 = Release|Any CPU
		{CF962F68-E7CC-46EA-ABA9-058FD38BDF0C}.Debug|Any CPU.ActiveCfg = Debug|Any CPU
		{CF962F68-E7CC-46EA-ABA9-058FD38BDF0C}.Debug|Any CPU.Build.0 = Debug|Any CPU
		{CF962F68-E7CC-46EA-ABA9-058FD38BDF0C}.Release|Any CPU.ActiveCfg = Release|Any CPU
		{CF962F68-E7CC-46EA-ABA9-058FD38BDF0C}.Release|Any CPU.Build.0 = Release|Any CPU
	EndGlobalSection
EndGlobal
